// !$*UTF8*$!
{
	archiveVersion = 1;
	classes = {
	};
	objectVersion = 56;
	objects = {

/* Begin PBXBuildFile section */
		4E7F4FBB2A7BED8A00912D80 /* AppDelegate.swift in Sources */ = {isa = PBXBuildFile; fileRef = 4E7F4FBA2A7BED8A00912D80 /* AppDelegate.swift */; };
		4E7F4FBD2A7BED8A00912D80 /* SceneDelegate.swift in Sources */ = {isa = PBXBuildFile; fileRef = 4E7F4FBC2A7BED8A00912D80 /* SceneDelegate.swift */; };
		4E7F4FBF2A7BED8A00912D80 /* ViewController.swift in Sources */ = {isa = PBXBuildFile; fileRef = 4E7F4FBE2A7BED8A00912D80 /* ViewController.swift */; };
		4E7F4FC22A7BED8A00912D80 /* Main.storyboard in Resources */ = {isa = PBXBuildFile; fileRef = 4E7F4FC02A7BED8A00912D80 /* Main.storyboard */; };
		4E7F4FC42A7BED8C00912D80 /* Assets.xcassets in Resources */ = {isa = PBXBuildFile; fileRef = 4E7F4FC32A7BED8C00912D80 /* Assets.xcassets */; };
		4E7F4FC72A7BED8C00912D80 /* LaunchScreen.storyboard in Resources */ = {isa = PBXBuildFile; fileRef = 4E7F4FC52A7BED8C00912D80 /* LaunchScreen.storyboard */; };
		4E7F4FD02A7BEE0600912D80 /* NoticeViewController.swift in Sources */ = {isa = PBXBuildFile; fileRef = 4E7F4FCE2A7BEE0600912D80 /* NoticeViewController.swift */; };
		4E7F4FD12A7BEE0600912D80 /* NoticeViewController.xib in Resources */ = {isa = PBXBuildFile; fileRef = 4E7F4FCF2A7BEE0600912D80 /* NoticeViewController.xib */; };
		4E7F4FD32A7CE53400912D80 /* GoogleService-Info.plist in Resources */ = {isa = PBXBuildFile; fileRef = 4E7F4FD22A7CE53400912D80 /* GoogleService-Info.plist */; };
		4E7F4FD52A7CE81300912D80 /* RemoteConfigDefaults.plist in Resources */ = {isa = PBXBuildFile; fileRef = 4E7F4FD42A7CE81300912D80 /* RemoteConfigDefaults.plist */; };
		C25DDF2B66CF7070211FBE20 /* Pods_BTestSampleApp.framework in Frameworks */ = {isa = PBXBuildFile; fileRef = 05160A7A88AFE3217A4DE1B2 /* Pods_BTestSampleApp.framework */; };
/* End PBXBuildFile section */

/* Begin PBXFileReference section */
		05160A7A88AFE3217A4DE1B2 /* Pods_BTestSampleApp.framework */ = {isa = PBXFileReference; explicitFileType = wrapper.framework; includeInIndex = 0; path = Pods_BTestSampleApp.framework; sourceTree = BUILT_PRODUCTS_DIR; };
		11A04707D1E8C27C79460323 /* Pods-BTestSampleApp.release.xcconfig */ = {isa = PBXFileReference; includeInIndex = 1; lastKnownFileType = text.xcconfig; name = "Pods-BTestSampleApp.release.xcconfig"; path = "Target Support Files/Pods-BTestSampleApp/Pods-BTestSampleApp.release.xcconfig"; sourceTree = "<group>"; };
		422B2A15C287F0161C3F3D5A /* Pods-BTestSampleApp.debug.xcconfig */ = {isa = PBXFileReference; includeInIndex = 1; lastKnownFileType = text.xcconfig; name = "Pods-BTestSampleApp.debug.xcconfig"; path = "Target Support Files/Pods-BTestSampleApp/Pods-BTestSampleApp.debug.xcconfig"; sourceTree = "<group>"; };
		4E7F4FB72A7BED8A00912D80 /* BTestSampleApp.app */ = {isa = PBXFileReference; explicitFileType = wrapper.application; includeInIndex = 0; path = BTestSampleApp.app; sourceTree = BUILT_PRODUCTS_DIR; };
		4E7F4FBA2A7BED8A00912D80 /* AppDelegate.swift */ = {isa = PBXFileReference; lastKnownFileType = sourcecode.swift; path = AppDelegate.swift; sourceTree = "<group>"; };
		4E7F4FBC2A7BED8A00912D80 /* SceneDelegate.swift */ = {isa = PBXFileReference; lastKnownFileType = sourcecode.swift; path = SceneDelegate.swift; sourceTree = "<group>"; };
		4E7F4FBE2A7BED8A00912D80 /* ViewController.swift */ = {isa = PBXFileReference; lastKnownFileType = sourcecode.swift; path = ViewController.swift; sourceTree = "<group>"; };
		4E7F4FC12A7BED8A00912D80 /* Base */ = {isa = PBXFileReference; lastKnownFileType = file.storyboard; name = Base; path = Base.lproj/Main.storyboard; sourceTree = "<group>"; };
		4E7F4FC32A7BED8C00912D80 /* Assets.xcassets */ = {isa = PBXFileReference; lastKnownFileType = folder.assetcatalog; path = Assets.xcassets; sourceTree = "<group>"; };
		4E7F4FC62A7BED8C00912D80 /* Base */ = {isa = PBXFileReference; lastKnownFileType = file.storyboard; name = Base; path = Base.lproj/LaunchScreen.storyboard; sourceTree = "<group>"; };
		4E7F4FC82A7BED8C00912D80 /* Info.plist */ = {isa = PBXFileReference; lastKnownFileType = text.plist.xml; path = Info.plist; sourceTree = "<group>"; };
		4E7F4FCE2A7BEE0600912D80 /* NoticeViewController.swift */ = {isa = PBXFileReference; lastKnownFileType = sourcecode.swift; path = NoticeViewController.swift; sourceTree = "<group>"; };
		4E7F4FCF2A7BEE0600912D80 /* NoticeViewController.xib */ = {isa = PBXFileReference; lastKnownFileType = file.xib; path = NoticeViewController.xib; sourceTree = "<group>"; };
		4E7F4FD22A7CE53400912D80 /* GoogleService-Info.plist */ = {isa = PBXFileReference; fileEncoding = 4; lastKnownFileType = text.plist.xml; name = "GoogleService-Info.plist"; path = "../../../Downloads/GoogleService-Info.plist"; sourceTree = "<group>"; };
		4E7F4FD42A7CE81300912D80 /* RemoteConfigDefaults.plist */ = {isa = PBXFileReference; lastKnownFileType = text.plist.xml; path = RemoteConfigDefaults.plist; sourceTree = "<group>"; };
/* End PBXFileReference section */

/* Begin PBXFrameworksBuildPhase section */
		4E7F4FB42A7BED8A00912D80 /* Frameworks */ = {
			isa = PBXFrameworksBuildPhase;
			buildActionMask = 2147483647;
			files = (
				C25DDF2B66CF7070211FBE20 /* Pods_BTestSampleApp.framework in Frameworks */,
			);
			runOnlyForDeploymentPostprocessing = 0;
		};
/* End PBXFrameworksBuildPhase section */

/* Begin PBXGroup section */
		4223739514E5694D863BDAE5 /* Pods */ = {
			isa = PBXGroup;
			children = (
				422B2A15C287F0161C3F3D5A /* Pods-BTestSampleApp.debug.xcconfig */,
				11A04707D1E8C27C79460323 /* Pods-BTestSampleApp.release.xcconfig */,
			);
			path = Pods;
			sourceTree = "<group>";
		};
		4E7F4FAE2A7BED8A00912D80 = {
			isa = PBXGroup;
			children = (
				4E7F4FB92A7BED8A00912D80 /* BTestSampleApp */,
				4E7F4FB82A7BED8A00912D80 /* Products */,
				4223739514E5694D863BDAE5 /* Pods */,
				B34E5174547960248FD0273A /* Frameworks */,
			);
			sourceTree = "<group>";
		};
		4E7F4FB82A7BED8A00912D80 /* Products */ = {
			isa = PBXGroup;
			children = (
				4E7F4FB72A7BED8A00912D80 /* BTestSampleApp.app */,
			);
			name = Products;
			sourceTree = "<group>";
		};
		4E7F4FB92A7BED8A00912D80 /* BTestSampleApp */ = {
			isa = PBXGroup;
			children = (
				4E7F4FBA2A7BED8A00912D80 /* AppDelegate.swift */,
				4E7F4FBC2A7BED8A00912D80 /* SceneDelegate.swift */,
				4E7F4FBE2A7BED8A00912D80 /* ViewController.swift */,
				4E7F4FD42A7CE81300912D80 /* RemoteConfigDefaults.plist */,
				4E7F4FCE2A7BEE0600912D80 /* NoticeViewController.swift */,
				4E7F4FCF2A7BEE0600912D80 /* NoticeViewController.xib */,
				4E7F4FC02A7BED8A00912D80 /* Main.storyboard */,
				4E7F4FC32A7BED8C00912D80 /* Assets.xcassets */,
				4E7F4FC52A7BED8C00912D80 /* LaunchScreen.storyboard */,
				4E7F4FC82A7BED8C00912D80 /* Info.plist */,
				4E7F4FD22A7CE53400912D80 /* GoogleService-Info.plist */,
			);
			path = BTestSampleApp;
			sourceTree = "<group>";
		};
		B34E5174547960248FD0273A /* Frameworks */ = {
			isa = PBXGroup;
			children = (
				05160A7A88AFE3217A4DE1B2 /* Pods_BTestSampleApp.framework */,
			);
			name = Frameworks;
			sourceTree = "<group>";
		};
/* End PBXGroup section */

/* Begin PBXNativeTarget section */
		4E7F4FB62A7BED8A00912D80 /* BTestSampleApp */ = {
			isa = PBXNativeTarget;
			buildConfigurationList = 4E7F4FCB2A7BED8C00912D80 /* Build configuration list for PBXNativeTarget "BTestSampleApp" */;
			buildPhases = (
				18FBF46B25A916F9EF3DE979 /* [CP] Check Pods Manifest.lock */,
				4E7F4FB32A7BED8A00912D80 /* Sources */,
				4E7F4FB42A7BED8A00912D80 /* Frameworks */,
				4E7F4FB52A7BED8A00912D80 /* Resources */,
				19E07ED7B4D68422524CADFA /* [CP] Embed Pods Frameworks */,
			);
			buildRules = (
			);
			dependencies = (
			);
			name = BTestSampleApp;
			productName = BTestSampleApp;
			productReference = 4E7F4FB72A7BED8A00912D80 /* BTestSampleApp.app */;
			productType = "com.apple.product-type.application";
		};
/* End PBXNativeTarget section */

/* Begin PBXProject section */
		4E7F4FAF2A7BED8A00912D80 /* Project object */ = {
			isa = PBXProject;
			attributes = {
				BuildIndependentTargetsInParallel = 1;
				LastSwiftUpdateCheck = 1430;
				LastUpgradeCheck = 1430;
				TargetAttributes = {
					4E7F4FB62A7BED8A00912D80 = {
						CreatedOnToolsVersion = 14.3.1;
					};
				};
			};
			buildConfigurationList = 4E7F4FB22A7BED8A00912D80 /* Build configuration list for PBXProject "BTestSampleApp" */;
			compatibilityVersion = "Xcode 14.0";
			developmentRegion = en;
			hasScannedForEncodings = 0;
			knownRegions = (
				en,
				Base,
			);
			mainGroup = 4E7F4FAE2A7BED8A00912D80;
			productRefGroup = 4E7F4FB82A7BED8A00912D80 /* Products */;
			projectDirPath = "";
			projectRoot = "";
			targets = (
				4E7F4FB62A7BED8A00912D80 /* BTestSampleApp */,
			);
		};
/* End PBXProject section */

/* Begin PBXResourcesBuildPhase section */
		4E7F4FB52A7BED8A00912D80 /* Resources */ = {
			isa = PBXResourcesBuildPhase;
			buildActionMask = 2147483647;
			files = (
				4E7F4FD52A7CE81300912D80 /* RemoteConfigDefaults.plist in Resources */,
				4E7F4FC72A7BED8C00912D80 /* LaunchScreen.storyboard in Resources */,
				4E7F4FC42A7BED8C00912D80 /* Assets.xcassets in Resources */,
				4E7F4FD32A7CE53400912D80 /* GoogleService-Info.plist in Resources */,
				4E7F4FD12A7BEE0600912D80 /* NoticeViewController.xib in Resources */,
				4E7F4FC22A7BED8A00912D80 /* Main.storyboard in Resources */,
			);
			runOnlyForDeploymentPostprocessing = 0;
		};
/* End PBXResourcesBuildPhase section */

/* Begin PBXShellScriptBuildPhase section */
		18FBF46B25A916F9EF3DE979 /* [CP] Check Pods Manifest.lock */ = {
			isa = PBXShellScriptBuildPhase;
			buildActionMask = 2147483647;
			files = (
			);
			inputFileListPaths = (
			);
			inputPaths = (
				"${PODS_PODFILE_DIR_PATH}/Podfile.lock",
				"${PODS_ROOT}/Manifest.lock",
			);
			name = "[CP] Check Pods Manifest.lock";
			outputFileListPaths = (
			);
			outputPaths = (
				"$(DERIVED_FILE_DIR)/Pods-BTestSampleApp-checkManifestLockResult.txt",
			);
			runOnlyForDeploymentPostprocessing = 0;
			shellPath = /bin/sh;
			shellScript = "diff \"${PODS_PODFILE_DIR_PATH}/Podfile.lock\" \"${PODS_ROOT}/Manifest.lock\" > /dev/null\nif [ $? != 0 ] ; then\n    # print error to STDERR\n    echo \"error: The sandbox is not in sync with the Podfile.lock. Run 'pod install' or update your CocoaPods installation.\" >&2\n    exit 1\nfi\n# This output is used by Xcode 'outputs' to avoid re-running this script phase.\necho \"SUCCESS\" > \"${SCRIPT_OUTPUT_FILE_0}\"\n";
			showEnvVarsInLog = 0;
		};
		19E07ED7B4D68422524CADFA /* [CP] Embed Pods Frameworks */ = {
			isa = PBXShellScriptBuildPhase;
			buildActionMask = 2147483647;
			files = (
			);
			inputFileListPaths = (
				"${PODS_ROOT}/Target Support Files/Pods-BTestSampleApp/Pods-BTestSampleApp-frameworks-${CONFIGURATION}-input-files.xcfilelist",
			);
			name = "[CP] Embed Pods Frameworks";
			outputFileListPaths = (
				"${PODS_ROOT}/Target Support Files/Pods-BTestSampleApp/Pods-BTestSampleApp-frameworks-${CONFIGURATION}-output-files.xcfilelist",
			);
			runOnlyForDeploymentPostprocessing = 0;
			shellPath = /bin/sh;
			shellScript = "\"${PODS_ROOT}/Target Support Files/Pods-BTestSampleApp/Pods-BTestSampleApp-frameworks.sh\"\n";
			showEnvVarsInLog = 0;
		};
/* End PBXShellScriptBuildPhase section */

/* Begin PBXSourcesBuildPhase section */
		4E7F4FB32A7BED8A00912D80 /* Sources */ = {
			isa = PBXSourcesBuildPhase;
			buildActionMask = 2147483647;
			files = (
				4E7F4FBF2A7BED8A00912D80 /* ViewController.swift in Sources */,
				4E7F4FBB2A7BED8A00912D80 /* AppDelegate.swift in Sources */,
				4E7F4FD02A7BEE0600912D80 /* NoticeViewController.swift in Sources */,
				4E7F4FBD2A7BED8A00912D80 /* SceneDelegate.swift in Sources */,
			);
			runOnlyForDeploymentPostprocessing = 0;
		};
/* End PBXSourcesBuildPhase section */

/* Begin PBXVariantGroup section */
		4E7F4FC02A7BED8A00912D80 /* Main.storyboard */ = {
			isa = PBXVariantGroup;
			children = (
				4E7F4FC12A7BED8A00912D80 /* Base */,
			);
			name = Main.storyboard;
			sourceTree = "<group>";
		};
		4E7F4FC52A7BED8C00912D80 /* LaunchScreen.storyboard */ = {
			isa = PBXVariantGroup;
			children = (
				4E7F4FC62A7BED8C00912D80 /* Base */,
			);
			name = LaunchScreen.storyboard;
			sourceTree = "<group>";
		};
/* End PBXVariantGroup section */

/* Begin XCBuildConfiguration section */
		4E7F4FC92A7BED8C00912D80 /* Debug */ = {
			isa = XCBuildConfiguration;
			buildSettings = {
				ALWAYS_SEARCH_USER_PATHS = NO;
				CLANG_ANALYZER_NONNULL = YES;
				CLANG_ANALYZER_NUMBER_OBJECT_CONVERSION = YES_AGGRESSIVE;
				CLANG_CXX_LANGUAGE_STANDARD = "gnu++20";
				CLANG_ENABLE_MODULES = YES;
				CLANG_ENABLE_OBJC_ARC = YES;
				CLANG_ENABLE_OBJC_WEAK = YES;
				CLANG_WARN_BLOCK_CAPTURE_AUTORELEASING = YES;
				CLANG_WARN_BOOL_CONVERSION = YES;
				CLANG_WARN_COMMA = YES;
				CLANG_WARN_CONSTANT_CONVERSION = YES;
				CLANG_WARN_DEPRECATED_OBJC_IMPLEMENTATIONS = YES;
				CLANG_WARN_DIRECT_OBJC_ISA_USAGE = YES_ERROR;
				CLANG_WARN_DOCUMENTATION_COMMENTS = YES;
				CLANG_WARN_EMPTY_BODY = YES;
				CLANG_WARN_ENUM_CONVERSION = YES;
				CLANG_WARN_INFINITE_RECURSION = YES;
				CLANG_WARN_INT_CONVERSION = YES;
				CLANG_WARN_NON_LITERAL_NULL_CONVERSION = YES;
				CLANG_WARN_OBJC_IMPLICIT_RETAIN_SELF = YES;
				CLANG_WARN_OBJC_LITERAL_CONVERSION = YES;
				CLANG_WARN_OBJC_ROOT_CLASS = YES_ERROR;
				CLANG_WARN_QUOTED_INCLUDE_IN_FRAMEWORK_HEADER = YES;
				CLANG_WARN_RANGE_LOOP_ANALYSIS = YES;
				CLANG_WARN_STRICT_PROTOTYPES = YES;
				CLANG_WARN_SUSPICIOUS_MOVE = YES;
				CLANG_WARN_UNGUARDED_AVAILABILITY = YES_AGGRESSIVE;
				CLANG_WARN_UNREACHABLE_CODE = YES;
				CLANG_WARN__DUPLICATE_METHOD_MATCH = YES;
				COPY_PHASE_STRIP = NO;
				DEBUG_INFORMATION_FORMAT = dwarf;
				ENABLE_STRICT_OBJC_MSGSEND = YES;
				ENABLE_TESTABILITY = YES;
				GCC_C_LANGUAGE_STANDARD = gnu11;
				GCC_DYNAMIC_NO_PIC = NO;
				GCC_NO_COMMON_BLOCKS = YES;
				GCC_OPTIMIZATION_LEVEL = 0;
				GCC_PREPROCESSOR_DEFINITIONS = (
					"DEBUG=1",
					"$(inherited)",
				);
				GCC_WARN_64_TO_32_BIT_CONVERSION = YES;
				GCC_WARN_ABOUT_RETURN_TYPE = YES_ERROR;
				GCC_WARN_UNDECLARED_SELECTOR = YES;
				GCC_WARN_UNINITIALIZED_AUTOS = YES_AGGRESSIVE;
				GCC_WARN_UNUSED_FUNCTION = YES;
				GCC_WARN_UNUSED_VARIABLE = YES;
				IPHONEOS_DEPLOYMENT_TARGET = 16.4;
				MTL_ENABLE_DEBUG_INFO = INCLUDE_SOURCE;
				MTL_FAST_MATH = YES;
				ONLY_ACTIVE_ARCH = YES;
				SDKROOT = iphoneos;
				SWIFT_ACTIVE_COMPILATION_CONDITIONS = DEBUG;
				SWIFT_OPTIMIZATION_LEVEL = "-Onone";
			};
			name = Debug;
		};
		4E7F4FCA2A7BED8C00912D80 /* Release */ = {
			isa = XCBuildConfiguration;
			buildSettings = {
				ALWAYS_SEARCH_USER_PATHS = NO;
				CLANG_ANALYZER_NONNULL = YES;
				CLANG_ANALYZER_NUMBER_OBJECT_CONVERSION = YES_AGGRESSIVE;
				CLANG_CXX_LANGUAGE_STANDARD = "gnu++20";
				CLANG_ENABLE_MODULES = YES;
				CLANG_ENABLE_OBJC_ARC = YES;
				CLANG_ENABLE_OBJC_WEAK = YES;
				CLANG_WARN_BLOCK_CAPTURE_AUTORELEASING = YES;
				CLANG_WARN_BOOL_CONVERSION = YES;
				CLANG_WARN_COMMA = YES;
				CLANG_WARN_CONSTANT_CONVERSION = YES;
				CLANG_WARN_DEPRECATED_OBJC_IMPLEMENTATIONS = YES;
				CLANG_WARN_DIRECT_OBJC_ISA_USAGE = YES_ERROR;
				CLANG_WARN_DOCUMENTATION_COMMENTS = YES;
				CLANG_WARN_EMPTY_BODY = YES;
				CLANG_WARN_ENUM_CONVERSION = YES;
				CLANG_WARN_INFINITE_RECURSION = YES;
				CLANG_WARN_INT_CONVERSION = YES;
				CLANG_WARN_NON_LITERAL_NULL_CONVERSION = YES;
				CLANG_WARN_OBJC_IMPLICIT_RETAIN_SELF = YES;
				CLANG_WARN_OBJC_LITERAL_CONVERSION = YES;
				CLANG_WARN_OBJC_ROOT_CLASS = YES_ERROR;
				CLANG_WARN_QUOTED_INCLUDE_IN_FRAMEWORK_HEADER = YES;
				CLANG_WARN_RANGE_LOOP_ANALYSIS = YES;
				CLANG_WARN_STRICT_PROTOTYPES = YES;
				CLANG_WARN_SUSPICIOUS_MOVE = YES;
				CLANG_WARN_UNGUARDED_AVAILABILITY = YES_AGGRESSIVE;
				CLANG_WARN_UNREACHABLE_CODE = YES;
				CLANG_WARN__DUPLICATE_METHOD_MATCH = YES;
				COPY_PHASE_STRIP = NO;
				DEBUG_INFORMATION_FORMAT = "dwarf-with-dsym";
				ENABLE_NS_ASSERTIONS = NO;
				ENABLE_STRICT_OBJC_MSGSEND = YES;
				GCC_C_LANGUAGE_STANDARD = gnu11;
				GCC_NO_COMMON_BLOCKS = YES;
				GCC_WARN_64_TO_32_BIT_CONVERSION = YES;
				GCC_WARN_ABOUT_RETURN_TYPE = YES_ERROR;
				GCC_WARN_UNDECLARED_SELECTOR = YES;
				GCC_WARN_UNINITIALIZED_AUTOS = YES_AGGRESSIVE;
				GCC_WARN_UNUSED_FUNCTION = YES;
				GCC_WARN_UNUSED_VARIABLE = YES;
				IPHONEOS_DEPLOYMENT_TARGET = 16.4;
				MTL_ENABLE_DEBUG_INFO = NO;
				MTL_FAST_MATH = YES;
				SDKROOT = iphoneos;
				SWIFT_COMPILATION_MODE = wholemodule;
				SWIFT_OPTIMIZATION_LEVEL = "-O";
				VALIDATE_PRODUCT = YES;
			};
			name = Release;
		};
		4E7F4FCC2A7BED8C00912D80 /* Debug */ = {
			isa = XCBuildConfiguration;
			baseConfigurationReference = 422B2A15C287F0161C3F3D5A /* Pods-BTestSampleApp.debug.xcconfig */;
			buildSettings = {
				ASSETCATALOG_COMPILER_APPICON_NAME = AppIcon;
				ASSETCATALOG_COMPILER_GLOBAL_ACCENT_COLOR_NAME = AccentColor;
				CODE_SIGN_STYLE = Automatic;
				CURRENT_PROJECT_VERSION = 1;
				GENERATE_INFOPLIST_FILE = YES;
				INFOPLIST_FILE = BTestSampleApp/Info.plist;
				INFOPLIST_KEY_UIApplicationSupportsIndirectInputEvents = YES;
				INFOPLIST_KEY_UILaunchStoryboardName = LaunchScreen;
				INFOPLIST_KEY_UIMainStoryboardFile = Main;
				INFOPLIST_KEY_UISupportedInterfaceOrientations = UIInterfaceOrientationPortrait;
				INFOPLIST_KEY_UISupportedInterfaceOrientations_iPad = "UIInterfaceOrientationLandscapeLeft UIInterfaceOrientationLandscapeRight UIInterfaceOrientationPortrait UIInterfaceOrientationPortraitUpsideDown";
				LD_RUNPATH_SEARCH_PATHS = (
					"$(inherited)",
					"@executable_path/Frameworks",
				);
				MARKETING_VERSION = 1.0;
				PRODUCT_BUNDLE_IDENTIFIER = Jin.BTestSampleApp;
				PRODUCT_NAME = "$(TARGET_NAME)";
				SUPPORTED_PLATFORMS = "iphoneos iphonesimulator";
				SUPPORTS_MACCATALYST = NO;
				SUPPORTS_MAC_DESIGNED_FOR_IPHONE_IPAD = NO;
				SWIFT_EMIT_LOC_STRINGS = YES;
				SWIFT_VERSION = 5.0;
				TARGETED_DEVICE_FAMILY = 1;
			};
			name = Debug;
		};
		4E7F4FCD2A7BED8C00912D80 /* Release */ = {
			isa = XCBuildConfiguration;
			baseConfigurationReference = 11A04707D1E8C27C79460323 /* Pods-BTestSampleApp.release.xcconfig */;
			buildSettings = {
				ASSETCATALOG_COMPILER_APPICON_NAME = AppIcon;
				ASSETCATALOG_COMPILER_GLOBAL_ACCENT_COLOR_NAME = AccentColor;
				CODE_SIGN_STYLE = Automatic;
				CURRENT_PROJECT_VERSION = 1;
				GENERATE_INFOPLIST_FILE = YES;
				INFOPLIST_FILE = BTestSampleApp/Info.plist;
				INFOPLIST_KEY_UIApplicationSupportsIndirectInputEvents = YES;
				INFOPLIST_KEY_UILaunchStoryboardName = LaunchScreen;
				INFOPLIST_KEY_UIMainStoryboardFile = Main;
				INFOPLIST_KEY_UISupportedInterfaceOrientations = UIInterfaceOrientationPortrait;
				INFOPLIST_KEY_UISupportedInterfaceOrientations_iPad = "UIInterfaceOrientationLandscapeLeft UIInterfaceOrientationLandscapeRight UIInterfaceOrientationPortrait UIInterfaceOrientationPortraitUpsideDown";
				LD_RUNPATH_SEARCH_PATHS = (
					"$(inherited)",
					"@executable_path/Frameworks",
				);
				MARKETING_VERSION = 1.0;
				PRODUCT_BUNDLE_IDENTIFIER = Jin.BTestSampleApp;
				PRODUCT_NAME = "$(TARGET_NAME)";
				SUPPORTED_PLATFORMS = "iphoneos iphonesimulator";
				SUPPORTS_MACCATALYST = NO;
				SUPPORTS_MAC_DESIGNED_FOR_IPHONE_IPAD = NO;
				SWIFT_EMIT_LOC_STRINGS = YES;
				SWIFT_VERSION = 5.0;
				TARGETED_DEVICE_FAMILY = 1;
			};
			name = Release;
		};
/* End XCBuildConfiguration section */

/* Begin XCConfigurationList section */
		4E7F4FB22A7BED8A00912D80 /* Build configuration list for PBXProject "BTestSampleApp" */ = {
			isa = XCConfigurationList;
			buildConfigurations = (
				4E7F4FC92A7BED8C00912D80 /* Debug */,
				4E7F4FCA2A7BED8C00912D80 /* Release */,
			);
			defaultConfigurationIsVisible = 0;
			defaultConfigurationName = Release;
		};
		4E7F4FCB2A7BED8C00912D80 /* Build configuration list for PBXNativeTarget "BTestSampleApp" */ = {
			isa = XCConfigurationList;
			buildConfigurations = (
				4E7F4FCC2A7BED8C00912D80 /* Debug */,
				4E7F4FCD2A7BED8C00912D80 /* Release */,
			);
			defaultConfigurationIsVisible = 0;
			defaultConfigurationName = Release;
		};
/* End XCConfigurationList section */
	};
	rootObject = 4E7F4FAF2A7BED8A00912D80 /* Project object */;
}
